
Microsoft Visual Studio Solution File, Format Version 12.00
Project("{FAE04EC0-301F-11D3-BF4B-00C04F79EFBC}") = "Core", "Core\Core.csproj", "{722B8360-F76B-48FB-A2AF-0D0EE8A13D3B}"
EndProject
Project("{FAE04EC0-301F-11D3-BF4B-00C04F79EFBC}") = "GUI", "GUI\GUI.csproj", "{3E152F61-82DD-4D97-92A6-2B06BB805DE3}"
EndProject
Project("{FAE04EC0-301F-11D3-BF4B-00C04F79EFBC}") = "Data", "Data\Data.csproj", "{2FDC7ACA-D414-49B8-9668-CD50C6C27872}"
EndProject
Project("{FAE04EC0-301F-11D3-BF4B-00C04F79EFBC}") = "Data.Test", "Data.Test\Data.Test.csproj", "{A75CA6BF-A750-41F3-964D-6815A5423DBF}"
EndProject
Global
	GlobalSection(SolutionConfigurationPlatforms) = preSolution
		Debug|Any CPU = Debug|Any CPU
		Release|Any CPU = Release|Any CPU
	EndGlobalSection
	GlobalSection(ProjectConfigurationPlatforms) = postSolution
		{722B8360-F76B-48FB-A2AF-0D0EE8A13D3B}.Debug|Any CPU.ActiveCfg = Debug|Any CPU
		{722B8360-F76B-48FB-A2AF-0D0EE8A13D3B}.Debug|Any CPU.Build.0 = Debug|Any CPU
		{722B8360-F76B-48FB-A2AF-0D0EE8A13D3B}.Release|Any CPU.ActiveCfg = Release|Any CPU
		{722B8360-F76B-48FB-A2AF-0D0EE8A13D3B}.Release|Any CPU.Build.0 = Release|Any CPU
		{3E152F61-82DD-4D97-92A6-2B06BB805DE3}.Debug|Any CPU.ActiveCfg = Debug|Any CPU
		{3E152F61-82DD-4D97-92A6-2B06BB805DE3}.Debug|Any CPU.Build.0 = Debug|Any CPU
		{3E152F61-82DD-4D97-92A6-2B06BB805DE3}.Release|Any CPU.ActiveCfg = Release|Any CPU
		{3E152F61-82DD-4D97-92A6-2B06BB805DE3}.Release|Any CPU.Build.0 = Release|Any CPU
		{2FDC7ACA-D414-49B8-9668-CD50C6C27872}.Debug|Any CPU.ActiveCfg = Debug|Any CPU
		{2FDC7ACA-D414-49B8-9668-CD50C6C27872}.Debug|Any CPU.Build.0 = Debug|Any CPU
		{2FDC7ACA-D414-49B8-9668-CD50C6C27872}.Release|Any CPU.ActiveCfg = Release|Any CPU
		{2FDC7ACA-D414-49B8-9668-CD50C6C27872}.Release|Any CPU.Build.0 = Release|Any CPU
		{A75CA6BF-A750-41F3-964D-6815A5423DBF}.Debug|Any CPU.ActiveCfg = Debug|Any CPU
		{A75CA6BF-A750-41F3-964D-6815A5423DBF}.Debug|Any CPU.Build.0 = Debug|Any CPU
		{A75CA6BF-A750-41F3-964D-6815A5423DBF}.Release|Any CPU.ActiveCfg = Release|Any CPU
		{A75CA6BF-A750-41F3-964D-6815A5423DBF}.Release|Any CPU.Build.0 = Release|Any CPU
	EndGlobalSection
EndGlobal
